
Microsoft Visual Studio Solution File, Format Version 12.00
# Visual Studio Version 17
VisualStudioVersion = 17.13.35806.99 d17.13
MinimumVisualStudioVersion = 10.0.40219.1
Project("{FAE04EC0-301F-11D3-BF4B-00C04F79EFBC}") = "Presentation", "Presentation\Presentation.csproj", "{90555F43-ACFC-4C18-B713-A14A7FCBA8A1}"
EndProject
Global
	GlobalSection(SolutionConfigurationPlatforms) = preSolution
		Debug|Any CPU = Debug|Any CPU
		Release|Any CPU = Release|Any CPU
	EndGlobalSection
	GlobalSection(ProjectConfigurationPlatforms) = postSolution
		{90555F43-ACFC-4C18-B713-A14A7FCBA8A1}.Debug|Any CPU.ActiveCfg = Debug|Any CPU
		{90555F43-ACFC-4C18-B713-A14A7FCBA8A1}.Debug|Any CPU.Build.0 = Debug|Any CPU
		{90555F43-ACFC-4C18-B713-A14A7FCBA8A1}.Release|Any CPU.ActiveCfg = Release|Any CPU
		{90555F43-ACFC-4C18-B713-A14A7FCBA8A1}.Release|Any CPU.Build.0 = Release|Any CPU
	EndGlobalSection
	GlobalSection(SolutionProperties) = preSolution
		HideSolutionNode = FALSE
	EndGlobalSection
	GlobalSection(ExtensibilityGlobals) = postSolution
		SolutionGuid = {01CAB9DB-2376-4C9E-822B-AC3BB80987A6}
	EndGlobalSection
EndGlobal
